# This file is generated by running "yarn install" inside your project.
# Manual changes might be lost - proceed with caution!

__metadata:
  version: 5
  cacheKey: 8

"core-util-is@npm:~1.0.0":
  version: 1.0.3
  resolution: "core-util-is@npm:1.0.3"
  checksum: 9de8597363a8e9b9952491ebe18167e3b36e7707569eed0ebf14f8bba773611376466ae34575bca8cfe3c767890c859c74056084738f09d4e4a6f902b2ad7d99
  languageName: node
  linkType: hard

"dotenv@npm:^14.2.0":
  version: 14.2.0
  resolution: "dotenv@npm:14.2.0"
  checksum: 85a0e44918ef49e64c278f757dab50a156b9a6ca67f708876fd81d265e575e35b67387fc681d910df99368d6c1edca66cd546edeb0f7db3b499cb876c999233e
  languageName: node
  linkType: hard

"imap@npm:^0.8.19":
  version: 0.8.19
  resolution: "imap@npm:0.8.19"
  dependencies:
    readable-stream: 1.1.x
    utf7: ">=1.0.2"
  checksum: 0ac2910a88d6fa09f619e3f17953c5db3d0849fb79751597052d461335f1a5387eea1f331fc05b6c6d8174e2d7113b9932418928d4ff828bcd964f694d17c945
  languageName: node
  linkType: hard

"imap@workspace:.":
  version: 0.0.0-use.local
  resolution: "imap@workspace:."
  dependencies:
    dotenv: ^14.2.0
    imap: ^0.8.19
  languageName: unknown
  linkType: soft

"inherits@npm:~2.0.1":
  version: 2.0.4
  resolution: "inherits@npm:2.0.4"
  checksum: 4a48a733847879d6cf6691860a6b1e3f0f4754176e4d71494c41f3475553768b10f84b5ce1d40fbd0e34e6bfbb864ee35858ad4dd2cf31e02fc4a154b724d7f1
  languageName: node
  linkType: hard

"isarray@npm:0.0.1":
  version: 0.0.1
  resolution: "isarray@npm:0.0.1"
  checksum: 49191f1425681df4a18c2f0f93db3adb85573bcdd6a4482539d98eac9e705d8961317b01175627e860516a2fc45f8f9302db26e5a380a97a520e272e2a40a8d4
  languageName: node
  linkType: hard

"readable-stream@npm:1.1.x":
  version: 1.1.14
  resolution: "readable-stream@npm:1.1.14"
  dependencies:
    core-util-is: ~1.0.0
    inherits: ~2.0.1
    isarray: 0.0.1
    string_decoder: ~0.10.x
  checksum: 17dfeae3e909945a4a1abc5613ea92d03269ef54c49288599507fc98ff4615988a1c39a999dcf9aacba70233d9b7040bc11a5f2bfc947e262dedcc0a8b32b5a0
  languageName: node
  linkType: hard

"semver@npm:~5.3.0":
  version: 5.3.0
  resolution: "semver@npm:5.3.0"
  bin:
    semver: ./bin/semver
  checksum: 2717b14299c76a4b35aec0aafebca22a3644da2942d2a4095f26e36d77a9bbe17a9a3a5199795f83edd26323d5c22024a2d9d373a038dec4e023156fa166d314
  languageName: node
  linkType: hard

"string_decoder@npm:~0.10.x":
  version: 0.10.31
  resolution: "string_decoder@npm:0.10.31"
  checksum: fe00f8e303647e5db919948ccb5ce0da7dea209ab54702894dd0c664edd98e5d4df4b80d6fabf7b9e92b237359d21136c95bf068b2f7760b772ca974ba970202
  languageName: node
  linkType: hard

"utf7@npm:>=1.0.2":
  version: 1.0.2
  resolution: "utf7@npm:1.0.2"
  dependencies:
    semver: ~5.3.0
  checksum: 510dacbecdbdbd9750e4372fe8477538aa90b9de93f5df24c7f0ab836f8404c8f08f5f2797c1e0d6788fa6c450445943d24c55b2f8cd3dc094748dab2ed75d8e
  languageName: node
  linkType: hard
